
Microsoft Visual Studio Solution File, Format Version 12.00
# Visual Studio Version 16
VisualStudioVersion = 16.0.31613.86
MinimumVisualStudioVersion = 10.0.40219.1
Project("{FAE04EC0-301F-11D3-BF4B-00C04F79EFBC}") = "Bank App Api", "Bank App Api\Bank App Api.csproj", "{488DF47C-040E-4F6C-B08F-FE5C9B82BDF2}"
EndProject
Global
	GlobalSection(SolutionConfigurationPlatforms) = preSolution
		Debug|Any CPU = Debug|Any CPU
		Release|Any CPU = Release|Any CPU
	EndGlobalSection
	GlobalSection(ProjectConfigurationPlatforms) = postSolution
		{488DF47C-040E-4F6C-B08F-FE5C9B82BDF2}.Debug|Any CPU.ActiveCfg = Debug|Any CPU
		{488DF47C-040E-4F6C-B08F-FE5C9B82BDF2}.Debug|Any CPU.Build.0 = Debug|Any CPU
		{488DF47C-040E-4F6C-B08F-FE5C9B82BDF2}.Release|Any CPU.ActiveCfg = Release|Any CPU
		{488DF47C-040E-4F6C-B08F-FE5C9B82BDF2}.Release|Any CPU.Build.0 = Release|Any CPU
	EndGlobalSection
	GlobalSection(SolutionProperties) = preSolution
		HideSolutionNode = FALSE
	EndGlobalSection
	GlobalSection(ExtensibilityGlobals) = postSolution
		SolutionGuid = {D36FE4A4-03F0-4F8A-9229-6DA9E20B0A2E}
	EndGlobalSection
EndGlobal
